// !$*UTF8*$!
{
	archiveVersion = 1;
	classes = {
	};
	objectVersion = 46;
	objects = {

/* Begin PBXBuildFile section */
		189569E11CBDE829001C5A29 /* main.m in Sources */ = {isa = PBXBuildFile; fileRef = 189569E01CBDE829001C5A29 /* main.m */; };
		189569E41CBDE829001C5A29 /* AppDelegate.m in Sources */ = {isa = PBXBuildFile; fileRef = 189569E31CBDE829001C5A29 /* AppDelegate.m */; };
		189569E71CBDE829001C5A29 /* ViewController.m in Sources */ = {isa = PBXBuildFile; fileRef = 189569E61CBDE829001C5A29 /* ViewController.m */; };
		189569EA1CBDE829001C5A29 /* Main.storyboard in Resources */ = {isa = PBXBuildFile; fileRef = 189569E81CBDE829001C5A29 /* Main.storyboard */; };
		189569EC1CBDE829001C5A29 /* Assets.xcassets in Resources */ = {isa = PBXBuildFile; fileRef = 189569EB1CBDE829001C5A29 /* Assets.xcassets */; };
		189569EF1CBDE829001C5A29 /* LaunchScreen.storyboard in Resources */ = {isa = PBXBuildFile; fileRef = 189569ED1CBDE829001C5A29 /* LaunchScreen.storyboard */; };
		189569FA1CBDE82A001C5A29 /* AvPlayerDemoTests.m in Sources */ = {isa = PBXBuildFile; fileRef = 189569F91CBDE82A001C5A29 /* AvPlayerDemoTests.m */; };
		18956A051CBDE82A001C5A29 /* AvPlayerDemoUITests.m in Sources */ = {isa = PBXBuildFile; fileRef = 18956A041CBDE82A001C5A29 /* AvPlayerDemoUITests.m */; };
/* End PBXBuildFile section */

/* Begin PBXContainerItemProxy section */
		189569F61CBDE82A001C5A29 /* PBXContainerItemProxy */ = {
			isa = PBXContainerItemProxy;
			containerPortal = 189569D41CBDE829001C5A29 /* Project object */;
			proxyType = 1;
			remoteGlobalIDString = 189569DB1CBDE829001C5A29;
			remoteInfo = AvPlayerDemo;
		};
		18956A011CBDE82A001C5A29 /* PBXContainerItemProxy */ = {
			isa = PBXContainerItemProxy;
			containerPortal = 189569D41CBDE829001C5A29 /* Project object */;
			proxyType = 1;
			remoteGlobalIDString = 189569DB1CBDE829001C5A29;
			remoteInfo = AvPlayerDemo;
		};
/* End PBXContainerItemProxy section */

/* Begin PBXFileReference section */
		189569DC1CBDE829001C5A29 /* AvPlayerDemo.app */ = {isa = PBXFileReference; explicitFileType = wrapper.application; includeInIndex = 0; path = AvPlayerDemo.app; sourceTree = BUILT_PRODUCTS_DIR; };
		189569E01CBDE829001C5A29 /* main.m */ = {isa = PBXFileReference; lastKnownFileType = sourcecode.c.objc; path = main.m; sourceTree = "<group>"; };
		189569E21CBDE829001C5A29 /* AppDelegate.h */ = {isa = PBXFileReference; lastKnownFileType = sourcecode.c.h; path = AppDelegate.h; sourceTree = "<group>"; };
		189569E31CBDE829001C5A29 /* AppDelegate.m */ = {isa = PBXFileReference; lastKnownFileType = sourcecode.c.objc; path = AppDelegate.m; sourceTree = "<group>"; };
		189569E51CBDE829001C5A29 /* ViewController.h */ = {isa = PBXFileReference; lastKnownFileType = sourcecode.c.h; path = ViewController.h; sourceTree = "<group>"; };
		189569E61CBDE829001C5A29 /* ViewController.m */ = {isa = PBXFileReference; lastKnownFileType = sourcecode.c.objc; path = ViewController.m; sourceTree = "<group>"; };
		189569E91CBDE829001C5A29 /* Base */ = {isa = PBXFileReference; lastKnownFileType = file.storyboard; name = Base; path = Base.lproj/Main.storyboard; sourceTree = "<group>"; };
		189569EB1CBDE829001C5A29 /* Assets.xcassets */ = {isa = PBXFileReference; lastKnownFileType = folder.assetcatalog; path = Assets.xcassets; sourceTree = "<group>"; };
		189569EE1CBDE829001C5A29 /* Base */ = {isa = PBXFileReference; lastKnownFileType = file.storyboard; name = Base; path = Base.lproj/LaunchScreen.storyboard; sourceTree = "<group>"; };
		189569F01CBDE829001C5A29 /* Info.plist */ = {isa = PBXFileReference; lastKnownFileType = text.plist.xml; path = Info.plist; sourceTree = "<group>"; };
		189569F51CBDE82A001C5A29 /* AvPlayerDemoTests.xctest */ = {isa = PBXFileReference; explicitFileType = wrapper.cfbundle; includeInIndex = 0; path = AvPlayerDemoTests.xctest; sourceTree = BUILT_PRODUCTS_DIR; };
		189569F91CBDE82A001C5A29 /* AvPlayerDemoTests.m */ = {isa = PBXFileReference; lastKnownFileType = sourcecode.c.objc; path = AvPlayerDemoTests.m; sourceTree = "<group>"; };
		189569FB1CBDE82A001C5A29 /* Info.plist */ = {isa = PBXFileReference; lastKnownFileType = text.plist.xml; path = Info.plist; sourceTree = "<group>"; };
		18956A001CBDE82A001C5A29 /* AvPlayerDemoUITests.xctest */ = {isa = PBXFileReference; explicitFileType = wrapper.cfbundle; includeInIndex = 0; path = AvPlayerDemoUITests.xctest; sourceTree = BUILT_PRODUCTS_DIR; };
		18956A041CBDE82A001C5A29 /* AvPlayerDemoUITests.m */ = {isa = PBXFileReference; lastKnownFileType = sourcecode.c.objc; path = AvPlayerDemoUITests.m; sourceTree = "<group>"; };
		18956A061CBDE82A001C5A29 /* Info.plist */ = {isa = PBXFileReference; lastKnownFileType = text.plist.xml; path = Info.plist; sourceTree = "<group>"; };
/* End PBXFileReference section */

/* Begin PBXFrameworksBuildPhase section */
		189569D91CBDE829001C5A29 /* Frameworks */ = {
			isa = PBXFrameworksBuildPhase;
			buildActionMask = 2147483647;
			files = (
			);
			runOnlyForDeploymentPostprocessing = 0;
		};
		189569F21CBDE82A001C5A29 /* Frameworks */ = {
			isa = PBXFrameworksBuildPhase;
			buildActionMask = 2147483647;
			files = (
			);
			runOnlyForDeploymentPostprocessing = 0;
		};
		189569FD1CBDE82A001C5A29 /* Frameworks */ = {
			isa = PBXFrameworksBuildPhase;
			buildActionMask = 2147483647;
			files = (
			);
			runOnlyForDeploymentPostprocessing = 0;
		};
/* End PBXFrameworksBuildPhase section */

/* Begin PBXGroup section */
		189569D31CBDE829001C5A29 = {
			isa = PBXGroup;
			children = (
				189569DE1CBDE829001C5A29 /* AvPlayerDemo */,
				189569F81CBDE82A001C5A29 /* AvPlayerDemoTests */,
				18956A031CBDE82A001C5A29 /* AvPlayerDemoUITests */,
				189569DD1CBDE829001C5A29 /* Products */,
			);
			sourceTree = "<group>";
		};
		189569DD1CBDE829001C5A29 /* Products */ = {
			isa = PBXGroup;
			children = (
				189569DC1CBDE829001C5A29 /* AvPlayerDemo.app */,
				189569F51CBDE82A001C5A29 /* AvPlayerDemoTests.xctest */,
				18956A001CBDE82A001C5A29 /* AvPlayerDemoUITests.xctest */,
			);
			name = Products;
			sourceTree = "<group>";
		};
		189569DE1CBDE829001C5A29 /* AvPlayerDemo */ = {
			isa = PBXGroup;
			children = (
				189569E21CBDE829001C5A29 /* AppDelegate.h */,
				189569E31CBDE829001C5A29 /* AppDelegate.m */,
				189569E51CBDE829001C5A29 /* ViewController.h */,
				189569E61CBDE829001C5A29 /* ViewController.m */,
				189569E81CBDE829001C5A29 /* Main.storyboard */,
				189569EB1CBDE829001C5A29 /* Assets.xcassets */,
				189569ED1CBDE829001C5A29 /* LaunchScreen.storyboard */,
				189569F01CBDE829001C5A29 /* Info.plist */,
				189569DF1CBDE829001C5A29 /* Supporting Files */,
			);
			path = AvPlayerDemo;
			sourceTree = "<group>";
		};
		189569DF1CBDE829001C5A29 /* Supporting Files */ = {
			isa = PBXGroup;
			children = (
				189569E01CBDE829001C5A29 /* main.m */,
			);
			name = "Supporting Files";
			sourceTree = "<group>";
		};
		189569F81CBDE82A001C5A29 /* AvPlayerDemoTests */ = {
			isa = PBXGroup;
			children = (
				189569F91CBDE82A001C5A29 /* AvPlayerDemoTests.m */,
				189569FB1CBDE82A001C5A29 /* Info.plist */,
			);
			path = AvPlayerDemoTests;
			sourceTree = "<group>";
		};
		18956A031CBDE82A001C5A29 /* AvPlayerDemoUITests */ = {
			isa = PBXGroup;
			children = (
				18956A041CBDE82A001C5A29 /* AvPlayerDemoUITests.m */,
				18956A061CBDE82A001C5A29 /* Info.plist */,
			);
			path = AvPlayerDemoUITests;
			sourceTree = "<group>";
		};
/* End PBXGroup section */

/* Begin PBXNativeTarget section */
		189569DB1CBDE829001C5A29 /* AvPlayerDemo */ = {
			isa = PBXNativeTarget;
			buildConfigurationList = 18956A091CBDE82A001C5A29 /* Build configuration list for PBXNativeTarget "AvPlayerDemo" */;
			buildPhases = (
				189569D81CBDE829001C5A29 /* Sources */,
				189569D91CBDE829001C5A29 /* Frameworks */,
				189569DA1CBDE829001C5A29 /* Resources */,
			);
			buildRules = (
			);
			dependencies = (
			);
			name = AvPlayerDemo;
			productName = AvPlayerDemo;
			productReference = 189569DC1CBDE829001C5A29 /* AvPlayerDemo.app */;
			productType = "com.apple.product-type.application";
		};
		189569F41CBDE82A001C5A29 /* AvPlayerDemoTests */ = {
			isa = PBXNativeTarget;
			buildConfigurationList = 18956A0C1CBDE82A001C5A29 /* Build configuration list for PBXNativeTarget "AvPlayerDemoTests" */;
			buildPhases = (
				189569F11CBDE82A001C5A29 /* Sources */,
				189569F21CBDE82A001C5A29 /* Frameworks */,
				189569F31CBDE82A001C5A29 /* Resources */,
			);
			buildRules = (
			);
			dependencies = (
				189569F71CBDE82A001C5A29 /* PBXTargetDependency */,
			);
			name = AvPlayerDemoTests;
			productName = AvPlayerDemoTests;
			productReference = 189569F51CBDE82A001C5A29 /* AvPlayerDemoTests.xctest */;
			productType = "com.apple.product-type.bundle.unit-test";
		};
		189569FF1CBDE82A001C5A29 /* AvPlayerDemoUITests */ = {
			isa = PBXNativeTarget;
			buildConfigurationList = 18956A0F1CBDE82A001C5A29 /* Build configuration list for PBXNativeTarget "AvPlayerDemoUITests" */;
			buildPhases = (
				189569FC1CBDE82A001C5A29 /* Sources */,
				189569FD1CBDE82A001C5A29 /* Frameworks */,
				189569FE1CBDE82A001C5A29 /* Resources */,
			);
			buildRules = (
			);
			dependencies = (
				18956A021CBDE82A001C5A29 /* PBXTargetDependency */,
			);
			name = AvPlayerDemoUITests;
			productName = AvPlayerDemoUITests;
			productReference = 18956A001CBDE82A001C5A29 /* AvPlayerDemoUITests.xctest */;
			productType = "com.apple.product-type.bundle.ui-testing";
		};
/* End PBXNativeTarget section */

/* Begin PBXProject section */
		189569D41CBDE829001C5A29 /* Project object */ = {
			isa = PBXProject;
			attributes = {
				LastUpgradeCheck = 0730;
				ORGANIZATIONNAME = apple;
				TargetAttributes = {
					189569DB1CBDE829001C5A29 = {
						CreatedOnToolsVersion = 7.3;
					};
					189569F41CBDE82A001C5A29 = {
						CreatedOnToolsVersion = 7.3;
						TestTargetID = 189569DB1CBDE829001C5A29;
					};
					189569FF1CBDE82A001C5A29 = {
						CreatedOnToolsVersion = 7.3;
						TestTargetID = 189569DB1CBDE829001C5A29;
					};
				};
			};
			buildConfigurationList = 189569D71CBDE829001C5A29 /* Build configuration list for PBXProject "AvPlayerDemo" */;
			compatibilityVersion = "Xcode 3.2";
			developmentRegion = English;
			hasScannedForEncodings = 0;
			knownRegions = (
				en,
				Base,
			);
			mainGroup = 189569D31CBDE829001C5A29;
			productRefGroup = 189569DD1CBDE829001C5A29 /* Products */;
			projectDirPath = "";
			projectRoot = "";
			targets = (
				189569DB1CBDE829001C5A29 /* AvPlayerDemo */,
				189569F41CBDE82A001C5A29 /* AvPlayerDemoTests */,
				189569FF1CBDE82A001C5A29 /* AvPlayerDemoUITests */,
			);
		};
/* End PBXProject section */

/* Begin PBXResourcesBuildPhase section */
		189569DA1CBDE829001C5A29 /* Resources */ = {
			isa = PBXResourcesBuildPhase;
			buildActionMask = 2147483647;
			files = (
				189569EF1CBDE829001C5A29 /* LaunchScreen.storyboard in Resources */,
				189569EC1CBDE829001C5A29 /* Assets.xcassets in Resources */,
				189569EA1CBDE829001C5A29 /* Main.storyboard in Resources */,
			);
			runOnlyForDeploymentPostprocessing = 0;
		};
		189569F31CBDE82A001C5A29 /* Resources */ = {
			isa = PBXResourcesBuildPhase;
			buildActionMask = 2147483647;
			files = (
			);
			runOnlyForDeploymentPostprocessing = 0;
		};
		189569FE1CBDE82A001C5A29 /* Resources */ = {
			isa = PBXResourcesBuildPhase;
			buildActionMask = 2147483647;
			files = (
			);
			runOnlyForDeploymentPostprocessing = 0;
		};
/* End PBXResourcesBuildPhase section */

/* Begin PBXSourcesBuildPhase section */
		189569D81CBDE829001C5A29 /* Sources */ = {
			isa = PBXSourcesBuildPhase;
			buildActionMask = 2147483647;
			files = (
				189569E71CBDE829001C5A29 /* ViewController.m in Sources */,
				189569E41CBDE829001C5A29 /* AppDelegate.m in Sources */,
				189569E11CBDE829001C5A29 /* main.m in Sources */,
			);
			runOnlyForDeploymentPostprocessing = 0;
		};
		189569F11CBDE82A001C5A29 /* Sources */ = {
			isa = PBXSourcesBuildPhase;
			buildActionMask = 2147483647;
			files = (
				189569FA1CBDE82A001C5A29 /* AvPlayerDemoTests.m in Sources */,
			);
			runOnlyForDeploymentPostprocessing = 0;
		};
		189569FC1CBDE82A001C5A29 /* Sources */ = {
			isa = PBXSourcesBuildPhase;
			buildActionMask = 2147483647;
			files = (
				18956A051CBDE82A001C5A29 /* AvPlayerDemoUITests.m in Sources */,
			);
			runOnlyForDeploymentPostprocessing = 0;
		};
/* End PBXSourcesBuildPhase section */

/* Begin PBXTargetDependency section */
		189569F71CBDE82A001C5A29 /* PBXTargetDependency */ = {
			isa = PBXTargetDependency;
			target = 189569DB1CBDE829001C5A29 /* AvPlayerDemo */;
			targetProxy = 189569F61CBDE82A001C5A29 /* PBXContainerItemProxy */;
		};
		18956A021CBDE82A001C5A29 /* PBXTargetDependency */ = {
			isa = PBXTargetDependency;
			target = 189569DB1CBDE829001C5A29 /* AvPlayerDemo */;
			targetProxy = 18956A011CBDE82A001C5A29 /* PBXContainerItemProxy */;
		};
/* End PBXTargetDependency section */

/* Begin PBXVariantGroup section */
		189569E81CBDE829001C5A29 /* Main.storyboard */ = {
			isa = PBXVariantGroup;
			children = (
				189569E91CBDE829001C5A29 /* Base */,
			);
			name = Main.storyboard;
			sourceTree = "<group>";
		};
		189569ED1CBDE829001C5A29 /* LaunchScreen.storyboard */ = {
			isa = PBXVariantGroup;
			children = (
				189569EE1CBDE829001C5A29 /* Base */,
			);
			name = LaunchScreen.storyboard;
			sourceTree = "<group>";
		};
/* End PBXVariantGroup section */

/* Begin XCBuildConfiguration section */
		18956A071CBDE82A001C5A29 /* Debug */ = {
			isa = XCBuildConfiguration;
			buildSettings = {
				ALWAYS_SEARCH_USER_PATHS = NO;
				CLANG_ANALYZER_NONNULL = YES;
				CLANG_CXX_LANGUAGE_STANDARD = "gnu++0x";
				CLANG_CXX_LIBRARY = "libc++";
				CLANG_ENABLE_MODULES = YES;
				CLANG_ENABLE_OBJC_ARC = YES;
				CLANG_WARN_BOOL_CONVERSION = YES;
				CLANG_WARN_CONSTANT_CONVERSION = YES;
				CLANG_WARN_DIRECT_OBJC_ISA_USAGE = YES_ERROR;
				CLANG_WARN_EMPTY_BODY = YES;
				CLANG_WARN_ENUM_CONVERSION = YES;
				CLANG_WARN_INT_CONVERSION = YES;
				CLANG_WARN_OBJC_ROOT_CLASS = YES_ERROR;
				CLANG_WARN_UNREACHABLE_CODE = YES;
				CLANG_WARN__DUPLICATE_METHOD_MATCH = YES;
				"CODE_SIGN_IDENTITY[sdk=iphoneos*]" = "iPhone Developer";
				COPY_PHASE_STRIP = NO;
				DEBUG_INFORMATION_FORMAT = dwarf;
				ENABLE_STRICT_OBJC_MSGSEND = YES;
				ENABLE_TESTABILITY = YES;
				GCC_C_LANGUAGE_STANDARD = gnu99;
				GCC_DYNAMIC_NO_PIC = NO;
				GCC_NO_COMMON_BLOCKS = YES;
				GCC_OPTIMIZATION_LEVEL = 0;
				GCC_PREPROCESSOR_DEFINITIONS = (
					"DEBUG=1",
					"$(inherited)",
				);
				GCC_WARN_64_TO_32_BIT_CONVERSION = YES;
				GCC_WARN_ABOUT_RETURN_TYPE = YES_ERROR;
				GCC_WARN_UNDECLARED_SELECTOR = YES;
				GCC_WARN_UNINITIALIZED_AUTOS = YES_AGGRESSIVE;
				GCC_WARN_UNUSED_FUNCTION = YES;
				GCC_WARN_UNUSED_VARIABLE = YES;
				IPHONEOS_DEPLOYMENT_TARGET = 9.3;
				MTL_ENABLE_DEBUG_INFO = YES;
				ONLY_ACTIVE_ARCH = YES;
				SDKROOT = iphoneos;
				TARGETED_DEVICE_FAMILY = "1,2";
			};
			name = Debug;
		};
		18956A081CBDE82A001C5A29 /* Release */ = {
			isa = XCBuildConfiguration;
			buildSettings = {
				ALWAYS_SEARCH_USER_PATHS = NO;
				CLANG_ANALYZER_NONNULL = YES;
				CLANG_CXX_LANGUAGE_STANDARD = "gnu++0x";
				CLANG_CXX_LIBRARY = "libc++";
				CLANG_ENABLE_MODULES = YES;
				CLANG_ENABLE_OBJC_ARC = YES;
				CLANG_WARN_BOOL_CONVERSION = YES;
				CLANG_WARN_CONSTANT_CONVERSION = YES;
				CLANG_WARN_DIRECT_OBJC_ISA_USAGE = YES_ERROR;
				CLANG_WARN_EMPTY_BODY = YES;
				CLANG_WARN_ENUM_CONVERSION = YES;
				CLANG_WARN_INT_CONVERSION = YES;
				CLANG_WARN_OBJC_ROOT_CLASS = YES_ERROR;
				CLANG_WARN_UNREACHABLE_CODE = YES;
				CLANG_WARN__DUPLICATE_METHOD_MATCH = YES;
				"CODE_SIGN_IDENTITY[sdk=iphoneos*]" = "iPhone Developer";
				COPY_PHASE_STRIP = NO;
				DEBUG_INFORMATION_FORMAT = "dwarf-with-dsym";
				ENABLE_NS_ASSERTIONS = NO;
				ENABLE_STRICT_OBJC_MSGSEND = YES;
				GCC_C_LANGUAGE_STANDARD = gnu99;
				GCC_NO_COMMON_BLOCKS = YES;
				GCC_WARN_64_TO_32_BIT_CONVERSION = YES;
				GCC_WARN_ABOUT_RETURN_TYPE = YES_ERROR;
				GCC_WARN_UNDECLARED_SELECTOR = YES;
				GCC_WARN_UNINITIALIZED_AUTOS = YES_AGGRESSIVE;
				GCC_WARN_UNUSED_FUNCTION = YES;
				GCC_WARN_UNUSED_VARIABLE = YES;
				IPHONEOS_DEPLOYMENT_TARGET = 9.3;
				MTL_ENABLE_DEBUG_INFO = NO;
				SDKROOT = iphoneos;
				TARGETED_DEVICE_FAMILY = "1,2";
				VALIDATE_PRODUCT = YES;
			};
			name = Release;
		};
		18956A0A1CBDE82A001C5A29 /* Debug */ = {
			isa = XCBuildConfiguration;
			buildSettings = {
				ASSETCATALOG_COMPILER_APPICON_NAME = AppIcon;
				INFOPLIST_FILE = AvPlayerDemo/Info.plist;
				LD_RUNPATH_SEARCH_PATHS = "$(inherited) @executable_path/Frameworks";
				PRODUCT_BUNDLE_IDENTIFIER = com.movier.liquangang.AvPlayerDemo;
				PRODUCT_NAME = "$(TARGET_NAME)";
			};
			name = Debug;
		};
		18956A0B1CBDE82A001C5A29 /* Release */ = {
			isa = XCBuildConfiguration;
			buildSettings = {
				ASSETCATALOG_COMPILER_APPICON_NAME = AppIcon;
				INFOPLIST_FILE = AvPlayerDemo/Info.plist;
				LD_RUNPATH_SEARCH_PATHS = "$(inherited) @executable_path/Frameworks";
				PRODUCT_BUNDLE_IDENTIFIER = com.movier.liquangang.AvPlayerDemo;
				PRODUCT_NAME = "$(TARGET_NAME)";
			};
			name = Release;
		};
		18956A0D1CBDE82A001C5A29 /* Debug */ = {
			isa = XCBuildConfiguration;
			buildSettings = {
				BUNDLE_LOADER = "$(TEST_HOST)";
				INFOPLIST_FILE = AvPlayerDemoTests/Info.plist;
				LD_RUNPATH_SEARCH_PATHS = "$(inherited) @executable_path/Frameworks @loader_path/Frameworks";
				PRODUCT_BUNDLE_IDENTIFIER = com.movier.liquangang.AvPlayerDemoTests;
				PRODUCT_NAME = "$(TARGET_NAME)";
				TEST_HOST = "$(BUILT_PRODUCTS_DIR)/AvPlayerDemo.app/AvPlayerDemo";
			};
			name = Debug;
		};
		18956A0E1CBDE82A001C5A29 /* Release */ = {
			isa = XCBuildConfiguration;
			buildSettings = {
				BUNDLE_LOADER = "$(TEST_HOST)";
				INFOPLIST_FILE = AvPlayerDemoTests/Info.plist;
				LD_RUNPATH_SEARCH_PATHS = "$(inherited) @executable_path/Frameworks @loader_path/Frameworks";
				PRODUCT_BUNDLE_IDENTIFIER = com.movier.liquangang.AvPlayerDemoTests;
				PRODUCT_NAME = "$(TARGET_NAME)";
				TEST_HOST = "$(BUILT_PRODUCTS_DIR)/AvPlayerDemo.app/AvPlayerDemo";
			};
			name = Release;
		};
		18956A101CBDE82A001C5A29 /* Debug */ = {
			isa = XCBuildConfiguration;
			buildSettings = {
				INFOPLIST_FILE = AvPlayerDemoUITests/Info.plist;
				LD_RUNPATH_SEARCH_PATHS = "$(inherited) @executable_path/Frameworks @loader_path/Frameworks";
				PRODUCT_BUNDLE_IDENTIFIER = com.movier.liquangang.AvPlayerDemoUITests;
				PRODUCT_NAME = "$(TARGET_NAME)";
				TEST_TARGET_NAME = AvPlayerDemo;
			};
			name = Debug;
		};
		18956A111CBDE82A001C5A29 /* Release */ = {
			isa = XCBuildConfiguration;
			buildSettings = {
				INFOPLIST_FILE = AvPlayerDemoUITests/Info.plist;
				LD_RUNPATH_SEARCH_PATHS = "$(inherited) @executable_path/Frameworks @loader_path/Frameworks";
				PRODUCT_BUNDLE_IDENTIFIER = com.movier.liquangang.AvPlayerDemoUITests;
				PRODUCT_NAME = "$(TARGET_NAME)";
				TEST_TARGET_NAME = AvPlayerDemo;
			};
			name = Release;
		};
/* End XCBuildConfiguration section */

/* Begin XCConfigurationList section */
		189569D71CBDE829001C5A29 /* Build configuration list for PBXProject "AvPlayerDemo" */ = {
			isa = XCConfigurationList;
			buildConfigurations = (
				18956A071CBDE82A001C5A29 /* Debug */,
				18956A081CBDE82A001C5A29 /* Release */,
			);
			defaultConfigurationIsVisible = 0;
			defaultConfigurationName = Release;
		};
		18956A091CBDE82A001C5A29 /* Build configuration list for PBXNativeTarget "AvPlayerDemo" */ = {
			isa = XCConfigurationList;
			buildConfigurations = (
				18956A0A1CBDE82A001C5A29 /* Debug */,
				18956A0B1CBDE82A001C5A29 /* Release */,
			);
			defaultConfigurationIsVisible = 0;
		};
		18956A0C1CBDE82A001C5A29 /* Build configuration list for PBXNativeTarget "AvPlayerDemoTests" */ = {
			isa = XCConfigurationList;
			buildConfigurations = (
				18956A0D1CBDE82A001C5A29 /* Debug */,
				18956A0E1CBDE82A001C5A29 /* Release */,
			);
			defaultConfigurationIsVisible = 0;
		};
		18956A0F1CBDE82A001C5A29 /* Build configuration list for PBXNativeTarget "AvPlayerDemoUITests" */ = {
			isa = XCConfigurationList;
			buildConfigurations = (
				18956A101CBDE82A001C5A29 /* Debug */,
				18956A111CBDE82A001C5A29 /* Release */,
			);
			defaultConfigurationIsVisible = 0;
		};
/* End XCConfigurationList section */
	};
	rootObject = 189569D41CBDE829001C5A29 /* Project object */;
}
